// !$*UTF8*$!
{
	archiveVersion = 1;
	classes = {
	};
	objectVersion = 56;
	objects = {

/* Begin PBXBuildFile section */
		8CBDA9832B50609D0060A9A9 /* AppDelegate.swift in Sources */ = {isa = PBXBuildFile; fileRef = 8CBDA9822B50609D0060A9A9 /* AppDelegate.swift */; };
		8CBDA9852B50609D0060A9A9 /* SceneDelegate.swift in Sources */ = {isa = PBXBuildFile; fileRef = 8CBDA9842B50609D0060A9A9 /* SceneDelegate.swift */; };
		8CBDA9872B50609D0060A9A9 /* ViewController.swift in Sources */ = {isa = PBXBuildFile; fileRef = 8CBDA9862B50609D0060A9A9 /* ViewController.swift */; };
		8CBDA98A2B50609D0060A9A9 /* Main.storyboard in Resources */ = {isa = PBXBuildFile; fileRef = 8CBDA9882B50609D0060A9A9 /* Main.storyboard */; };
		8CBDA98C2B50609E0060A9A9 /* Assets.xcassets in Resources */ = {isa = PBXBuildFile; fileRef = 8CBDA98B2B50609E0060A9A9 /* Assets.xcassets */; };
		8CBDA98F2B50609E0060A9A9 /* LaunchScreen.storyboard in Resources */ = {isa = PBXBuildFile; fileRef = 8CBDA98D2B50609E0060A9A9 /* LaunchScreen.storyboard */; };
		8CBDA9972B507D160060A9A9 /* Petition.swift in Sources */ = {isa = PBXBuildFile; fileRef = 8CBDA9962B507D160060A9A9 /* Petition.swift */; };
		8CBDA9992B50879B0060A9A9 /* PetitionList.swift in Sources */ = {isa = PBXBuildFile; fileRef = 8CBDA9982B50879B0060A9A9 /* PetitionList.swift */; };
		8CBDA99B2B508ACB0060A9A9 /* DetailViewController.swift in Sources */ = {isa = PBXBuildFile; fileRef = 8CBDA99A2B508ACB0060A9A9 /* DetailViewController.swift */; };
/* End PBXBuildFile section */

/* Begin PBXFileReference section */
		8CBDA97F2B50609D0060A9A9 /* UIKitProject7.app */ = {isa = PBXFileReference; explicitFileType = wrapper.application; includeInIndex = 0; path = UIKitProject7.app; sourceTree = BUILT_PRODUCTS_DIR; };
		8CBDA9822B50609D0060A9A9 /* AppDelegate.swift */ = {isa = PBXFileReference; lastKnownFileType = sourcecode.swift; path = AppDelegate.swift; sourceTree = "<group>"; };
		8CBDA9842B50609D0060A9A9 /* SceneDelegate.swift */ = {isa = PBXFileReference; lastKnownFileType = sourcecode.swift; path = SceneDelegate.swift; sourceTree = "<group>"; };
		8CBDA9862B50609D0060A9A9 /* ViewController.swift */ = {isa = PBXFileReference; lastKnownFileType = sourcecode.swift; path = ViewController.swift; sourceTree = "<group>"; };
		8CBDA9892B50609D0060A9A9 /* Base */ = {isa = PBXFileReference; lastKnownFileType = file.storyboard; name = Base; path = Base.lproj/Main.storyboard; sourceTree = "<group>"; };
		8CBDA98B2B50609E0060A9A9 /* Assets.xcassets */ = {isa = PBXFileReference; lastKnownFileType = folder.assetcatalog; path = Assets.xcassets; sourceTree = "<group>"; };
		8CBDA98E2B50609E0060A9A9 /* Base */ = {isa = PBXFileReference; lastKnownFileType = file.storyboard; name = Base; path = Base.lproj/LaunchScreen.storyboard; sourceTree = "<group>"; };
		8CBDA9902B50609E0060A9A9 /* Info.plist */ = {isa = PBXFileReference; lastKnownFileType = text.plist.xml; path = Info.plist; sourceTree = "<group>"; };
		8CBDA9962B507D160060A9A9 /* Petition.swift */ = {isa = PBXFileReference; lastKnownFileType = sourcecode.swift; path = Petition.swift; sourceTree = "<group>"; };
		8CBDA9982B50879B0060A9A9 /* PetitionList.swift */ = {isa = PBXFileReference; lastKnownFileType = sourcecode.swift; path = PetitionList.swift; sourceTree = "<group>"; };
		8CBDA99A2B508ACB0060A9A9 /* DetailViewController.swift */ = {isa = PBXFileReference; lastKnownFileType = sourcecode.swift; path = DetailViewController.swift; sourceTree = "<group>"; };
/* End PBXFileReference section */

/* Begin PBXFrameworksBuildPhase section */
		8CBDA97C2B50609D0060A9A9 /* Frameworks */ = {
			isa = PBXFrameworksBuildPhase;
			buildActionMask = 2147483647;
			files = (
			);
			runOnlyForDeploymentPostprocessing = 0;
		};
/* End PBXFrameworksBuildPhase section */

/* Begin PBXGroup section */
		8CBDA9762B50609D0060A9A9 = {
			isa = PBXGroup;
			children = (
				8CBDA9812B50609D0060A9A9 /* UIKitProject7 */,
				8CBDA9802B50609D0060A9A9 /* Products */,
			);
			sourceTree = "<group>";
		};
		8CBDA9802B50609D0060A9A9 /* Products */ = {
			isa = PBXGroup;
			children = (
				8CBDA97F2B50609D0060A9A9 /* UIKitProject7.app */,
			);
			name = Products;
			sourceTree = "<group>";
		};
		8CBDA9812B50609D0060A9A9 /* UIKitProject7 */ = {
			isa = PBXGroup;
			children = (
				8CBDA9822B50609D0060A9A9 /* AppDelegate.swift */,
				8CBDA9842B50609D0060A9A9 /* SceneDelegate.swift */,
				8CBDA9862B50609D0060A9A9 /* ViewController.swift */,
				8CBDA99A2B508ACB0060A9A9 /* DetailViewController.swift */,
				8CBDA9962B507D160060A9A9 /* Petition.swift */,
				8CBDA9982B50879B0060A9A9 /* PetitionList.swift */,
				8CBDA9882B50609D0060A9A9 /* Main.storyboard */,
				8CBDA98B2B50609E0060A9A9 /* Assets.xcassets */,
				8CBDA98D2B50609E0060A9A9 /* LaunchScreen.storyboard */,
				8CBDA9902B50609E0060A9A9 /* Info.plist */,
			);
			path = UIKitProject7;
			sourceTree = "<group>";
		};
/* End PBXGroup section */

/* Begin PBXNativeTarget section */
		8CBDA97E2B50609D0060A9A9 /* UIKitProject7 */ = {
			isa = PBXNativeTarget;
			buildConfigurationList = 8CBDA9932B50609E0060A9A9 /* Build configuration list for PBXNativeTarget "UIKitProject7" */;
			buildPhases = (
				8CBDA97B2B50609D0060A9A9 /* Sources */,
				8CBDA97C2B50609D0060A9A9 /* Frameworks */,
				8CBDA97D2B50609D0060A9A9 /* Resources */,
			);
			buildRules = (
			);
			dependencies = (
			);
			name = UIKitProject7;
			productName = UIKitProject7;
			productReference = 8CBDA97F2B50609D0060A9A9 /* UIKitProject7.app */;
			productType = "com.apple.product-type.application";
		};
/* End PBXNativeTarget section */

/* Begin PBXProject section */
		8CBDA9772B50609D0060A9A9 /* Project object */ = {
			isa = PBXProject;
			attributes = {
				BuildIndependentTargetsInParallel = 1;
				LastSwiftUpdateCheck = 1430;
				LastUpgradeCheck = 1430;
				TargetAttributes = {
					8CBDA97E2B50609D0060A9A9 = {
						CreatedOnToolsVersion = 14.3.1;
					};
				};
			};
			buildConfigurationList = 8CBDA97A2B50609D0060A9A9 /* Build configuration list for PBXProject "UIKitProject7" */;
			compatibilityVersion = "Xcode 14.0";
			developmentRegion = en;
			hasScannedForEncodings = 0;
			knownRegions = (
				en,
				Base,
			);
			mainGroup = 8CBDA9762B50609D0060A9A9;
			productRefGroup = 8CBDA9802B50609D0060A9A9 /* Products */;
			projectDirPath = "";
			projectRoot = "";
			targets = (
				8CBDA97E2B50609D0060A9A9 /* UIKitProject7 */,
			);
		};
/* End PBXProject section */

/* Begin PBXResourcesBuildPhase section */
		8CBDA97D2B50609D0060A9A9 /* Resources */ = {
			isa = PBXResourcesBuildPhase;
			buildActionMask = 2147483647;
			files = (
				8CBDA98F2B50609E0060A9A9 /* LaunchScreen.storyboard in Resources */,
				8CBDA98C2B50609E0060A9A9 /* Assets.xcassets in Resources */,
				8CBDA98A2B50609D0060A9A9 /* Main.storyboard in Resources */,
			);
			runOnlyForDeploymentPostprocessing = 0;
		};
/* End PBXResourcesBuildPhase section */

/* Begin PBXSourcesBuildPhase section */
		8CBDA97B2B50609D0060A9A9 /* Sources */ = {
			isa = PBXSourcesBuildPhase;
			buildActionMask = 2147483647;
			files = (
				8CBDA9872B50609D0060A9A9 /* ViewController.swift in Sources */,
				8CBDA9972B507D160060A9A9 /* Petition.swift in Sources */,
				8CBDA9992B50879B0060A9A9 /* PetitionList.swift in Sources */,
				8CBDA99B2B508ACB0060A9A9 /* DetailViewController.swift in Sources */,
				8CBDA9832B50609D0060A9A9 /* AppDelegate.swift in Sources */,
				8CBDA9852B50609D0060A9A9 /* SceneDelegate.swift in Sources */,
			);
			runOnlyForDeploymentPostprocessing = 0;
		};
/* End PBXSourcesBuildPhase section */

/* Begin PBXVariantGroup section */
		8CBDA9882B50609D0060A9A9 /* Main.storyboard */ = {
			isa = PBXVariantGroup;
			children = (
				8CBDA9892B50609D0060A9A9 /* Base */,
			);
			name = Main.storyboard;
			sourceTree = "<group>";
		};
		8CBDA98D2B50609E0060A9A9 /* LaunchScreen.storyboard */ = {
			isa = PBXVariantGroup;
			children = (
				8CBDA98E2B50609E0060A9A9 /* Base */,
			);
			name = LaunchScreen.storyboard;
			sourceTree = "<group>";
		};
/* End PBXVariantGroup section */

/* Begin XCBuildConfiguration section */
		8CBDA9912B50609E0060A9A9 /* Debug */ = {
			isa = XCBuildConfiguration;
			buildSettings = {
				ALWAYS_SEARCH_USER_PATHS = NO;
				CLANG_ANALYZER_NONNULL = YES;
				CLANG_ANALYZER_NUMBER_OBJECT_CONVERSION = YES_AGGRESSIVE;
				CLANG_CXX_LANGUAGE_STANDARD = "gnu++20";
				CLANG_ENABLE_MODULES = YES;
				CLANG_ENABLE_OBJC_ARC = YES;
				CLANG_ENABLE_OBJC_WEAK = YES;
				CLANG_WARN_BLOCK_CAPTURE_AUTORELEASING = YES;
				CLANG_WARN_BOOL_CONVERSION = YES;
				CLANG_WARN_COMMA = YES;
				CLANG_WARN_CONSTANT_CONVERSION = YES;
				CLANG_WARN_DEPRECATED_OBJC_IMPLEMENTATIONS = YES;
				CLANG_WARN_DIRECT_OBJC_ISA_USAGE = YES_ERROR;
				CLANG_WARN_DOCUMENTATION_COMMENTS = YES;
				CLANG_WARN_EMPTY_BODY = YES;
				CLANG_WARN_ENUM_CONVERSION = YES;
				CLANG_WARN_INFINITE_RECURSION = YES;
				CLANG_WARN_INT_CONVERSION = YES;
				CLANG_WARN_NON_LITERAL_NULL_CONVERSION = YES;
				CLANG_WARN_OBJC_IMPLICIT_RETAIN_SELF = YES;
				CLANG_WARN_OBJC_LITERAL_CONVERSION = YES;
				CLANG_WARN_OBJC_ROOT_CLASS = YES_ERROR;
				CLANG_WARN_QUOTED_INCLUDE_IN_FRAMEWORK_HEADER = YES;
				CLANG_WARN_RANGE_LOOP_ANALYSIS = YES;
				CLANG_WARN_STRICT_PROTOTYPES = YES;
				CLANG_WARN_SUSPICIOUS_MOVE = YES;
				CLANG_WARN_UNGUARDED_AVAILABILITY = YES_AGGRESSIVE;
				CLANG_WARN_UNREACHABLE_CODE = YES;
				CLANG_WARN__DUPLICATE_METHOD_MATCH = YES;
				COPY_PHASE_STRIP = NO;
				DEBUG_INFORMATION_FORMAT = dwarf;
				ENABLE_STRICT_OBJC_MSGSEND = YES;
				ENABLE_TESTABILITY = YES;
				GCC_C_LANGUAGE_STANDARD = gnu11;
				GCC_DYNAMIC_NO_PIC = NO;
				GCC_NO_COMMON_BLOCKS = YES;
				GCC_OPTIMIZATION_LEVEL = 0;
				GCC_PREPROCESSOR_DEFINITIONS = (
					"DEBUG=1",
					"$(inherited)",
				);
				GCC_WARN_64_TO_32_BIT_CONVERSION = YES;
				GCC_WARN_ABOUT_RETURN_TYPE = YES_ERROR;
				GCC_WARN_UNDECLARED_SELECTOR = YES;
				GCC_WARN_UNINITIALIZED_AUTOS = YES_AGGRESSIVE;
				GCC_WARN_UNUSED_FUNCTION = YES;
				GCC_WARN_UNUSED_VARIABLE = YES;
				IPHONEOS_DEPLOYMENT_TARGET = 16.4;
				MTL_ENABLE_DEBUG_INFO = INCLUDE_SOURCE;
				MTL_FAST_MATH = YES;
				ONLY_ACTIVE_ARCH = YES;
				SDKROOT = iphoneos;
				SWIFT_ACTIVE_COMPILATION_CONDITIONS = DEBUG;
				SWIFT_OPTIMIZATION_LEVEL = "-Onone";
			};
			name = Debug;
		};
		8CBDA9922B50609E0060A9A9 /* Release */ = {
			isa = XCBuildConfiguration;
			buildSettings = {
				ALWAYS_SEARCH_USER_PATHS = NO;
				CLANG_ANALYZER_NONNULL = YES;
				CLANG_ANALYZER_NUMBER_OBJECT_CONVERSION = YES_AGGRESSIVE;
				CLANG_CXX_LANGUAGE_STANDARD = "gnu++20";
				CLANG_ENABLE_MODULES = YES;
				CLANG_ENABLE_OBJC_ARC = YES;
				CLANG_ENABLE_OBJC_WEAK = YES;
				CLANG_WARN_BLOCK_CAPTURE_AUTORELEASING = YES;
				CLANG_WARN_BOOL_CONVERSION = YES;
				CLANG_WARN_COMMA = YES;
				CLANG_WARN_CONSTANT_CONVERSION = YES;
				CLANG_WARN_DEPRECATED_OBJC_IMPLEMENTATIONS = YES;
				CLANG_WARN_DIRECT_OBJC_ISA_USAGE = YES_ERROR;
				CLANG_WARN_DOCUMENTATION_COMMENTS = YES;
				CLANG_WARN_EMPTY_BODY = YES;
				CLANG_WARN_ENUM_CONVERSION = YES;
				CLANG_WARN_INFINITE_RECURSION = YES;
				CLANG_WARN_INT_CONVERSION = YES;
				CLANG_WARN_NON_LITERAL_NULL_CONVERSION = YES;
				CLANG_WARN_OBJC_IMPLICIT_RETAIN_SELF = YES;
				CLANG_WARN_OBJC_LITERAL_CONVERSION = YES;
				CLANG_WARN_OBJC_ROOT_CLASS = YES_ERROR;
				CLANG_WARN_QUOTED_INCLUDE_IN_FRAMEWORK_HEADER = YES;
				CLANG_WARN_RANGE_LOOP_ANALYSIS = YES;
				CLANG_WARN_STRICT_PROTOTYPES = YES;
				CLANG_WARN_SUSPICIOUS_MOVE = YES;
				CLANG_WARN_UNGUARDED_AVAILABILITY = YES_AGGRESSIVE;
				CLANG_WARN_UNREACHABLE_CODE = YES;
				CLANG_WARN__DUPLICATE_METHOD_MATCH = YES;
				COPY_PHASE_STRIP = NO;
				DEBUG_INFORMATION_FORMAT = "dwarf-with-dsym";
				ENABLE_NS_ASSERTIONS = NO;
				ENABLE_STRICT_OBJC_MSGSEND = YES;
				GCC_C_LANGUAGE_STANDARD = gnu11;
				GCC_NO_COMMON_BLOCKS = YES;
				GCC_WARN_64_TO_32_BIT_CONVERSION = YES;
				GCC_WARN_ABOUT_RETURN_TYPE = YES_ERROR;
				GCC_WARN_UNDECLARED_SELECTOR = YES;
				GCC_WARN_UNINITIALIZED_AUTOS = YES_AGGRESSIVE;
				GCC_WARN_UNUSED_FUNCTION = YES;
				GCC_WARN_UNUSED_VARIABLE = YES;
				IPHONEOS_DEPLOYMENT_TARGET = 16.4;
				MTL_ENABLE_DEBUG_INFO = NO;
				MTL_FAST_MATH = YES;
				SDKROOT = iphoneos;
				SWIFT_COMPILATION_MODE = wholemodule;
				SWIFT_OPTIMIZATION_LEVEL = "-O";
				VALIDATE_PRODUCT = YES;
			};
			name = Release;
		};
		8CBDA9942B50609E0060A9A9 /* Debug */ = {
			isa = XCBuildConfiguration;
			buildSettings = {
				ASSETCATALOG_COMPILER_APPICON_NAME = AppIcon;
				ASSETCATALOG_COMPILER_GLOBAL_ACCENT_COLOR_NAME = AccentColor;
				CODE_SIGN_STYLE = Automatic;
				CURRENT_PROJECT_VERSION = 1;
				GENERATE_INFOPLIST_FILE = YES;
				INFOPLIST_FILE = UIKitProject7/Info.plist;
				INFOPLIST_KEY_UIApplicationSupportsIndirectInputEvents = YES;
				INFOPLIST_KEY_UILaunchStoryboardName = LaunchScreen;
				INFOPLIST_KEY_UIMainStoryboardFile = Main;
				INFOPLIST_KEY_UISupportedInterfaceOrientations_iPad = "UIInterfaceOrientationPortrait UIInterfaceOrientationPortraitUpsideDown UIInterfaceOrientationLandscapeLeft UIInterfaceOrientationLandscapeRight";
				INFOPLIST_KEY_UISupportedInterfaceOrientations_iPhone = "UIInterfaceOrientationPortrait UIInterfaceOrientationLandscapeLeft UIInterfaceOrientationLandscapeRight";
				LD_RUNPATH_SEARCH_PATHS = (
					"$(inherited)",
					"@executable_path/Frameworks",
				);
				MARKETING_VERSION = 1.0;
				PRODUCT_BUNDLE_IDENTIFIER = me.zack.adams.UIKitProject7;
				PRODUCT_NAME = "$(TARGET_NAME)";
				SWIFT_EMIT_LOC_STRINGS = YES;
				SWIFT_VERSION = 5.0;
				TARGETED_DEVICE_FAMILY = "1,2";
			};
			name = Debug;
		};
		8CBDA9952B50609E0060A9A9 /* Release */ = {
			isa = XCBuildConfiguration;
			buildSettings = {
				ASSETCATALOG_COMPILER_APPICON_NAME = AppIcon;
				ASSETCATALOG_COMPILER_GLOBAL_ACCENT_COLOR_NAME = AccentColor;
				CODE_SIGN_STYLE = Automatic;
				CURRENT_PROJECT_VERSION = 1;
				GENERATE_INFOPLIST_FILE = YES;
				INFOPLIST_FILE = UIKitProject7/Info.plist;
				INFOPLIST_KEY_UIApplicationSupportsIndirectInputEvents = YES;
				INFOPLIST_KEY_UILaunchStoryboardName = LaunchScreen;
				INFOPLIST_KEY_UIMainStoryboardFile = Main;
				INFOPLIST_KEY_UISupportedInterfaceOrientations_iPad = "UIInterfaceOrientationPortrait UIInterfaceOrientationPortraitUpsideDown UIInterfaceOrientationLandscapeLeft UIInterfaceOrientationLandscapeRight";
				INFOPLIST_KEY_UISupportedInterfaceOrientations_iPhone = "UIInterfaceOrientationPortrait UIInterfaceOrientationLandscapeLeft UIInterfaceOrientationLandscapeRight";
				LD_RUNPATH_SEARCH_PATHS = (
					"$(inherited)",
					"@executable_path/Frameworks",
				);
				MARKETING_VERSION = 1.0;
				PRODUCT_BUNDLE_IDENTIFIER = me.zack.adams.UIKitProject7;
				PRODUCT_NAME = "$(TARGET_NAME)";
				SWIFT_EMIT_LOC_STRINGS = YES;
				SWIFT_VERSION = 5.0;
				TARGETED_DEVICE_FAMILY = "1,2";
			};
			name = Release;
		};
/* End XCBuildConfiguration section */

/* Begin XCConfigurationList section */
		8CBDA97A2B50609D0060A9A9 /* Build configuration list for PBXProject "UIKitProject7" */ = {
			isa = XCConfigurationList;
			buildConfigurations = (
				8CBDA9912B50609E0060A9A9 /* Debug */,
				8CBDA9922B50609E0060A9A9 /* Release */,
			);
			defaultConfigurationIsVisible = 0;
			defaultConfigurationName = Release;
		};
		8CBDA9932B50609E0060A9A9 /* Build configuration list for PBXNativeTarget "UIKitProject7" */ = {
			isa = XCConfigurationList;
			buildConfigurations = (
				8CBDA9942B50609E0060A9A9 /* Debug */,
				8CBDA9952B50609E0060A9A9 /* Release */,
			);
			defaultConfigurationIsVisible = 0;
			defaultConfigurationName = Release;
		};
/* End XCConfigurationList section */
	};
	rootObject = 8CBDA9772B50609D0060A9A9 /* Project object */;
}
